// !$*UTF8*$!
{
	archiveVersion = 1;
	classes = {
	};
	objectVersion = 50;
	objects = {

/* Begin PBXBuildFile section */
		D61E828B21E4C99F00204293 /* AppDelegate.swift in Sources */ = {isa = PBXBuildFile; fileRef = D61E828A21E4C99F00204293 /* AppDelegate.swift */; };
		D61E829221E4C9A000204293 /* Assets.xcassets in Resources */ = {isa = PBXBuildFile; fileRef = D61E829121E4C9A000204293 /* Assets.xcassets */; };
		D61E829521E4C9A000204293 /* LaunchScreen.storyboard in Resources */ = {isa = PBXBuildFile; fileRef = D61E829321E4C9A000204293 /* LaunchScreen.storyboard */; };
		D61E82A021E4C9A000204293 /* u6Tests.swift in Sources */ = {isa = PBXBuildFile; fileRef = D61E829F21E4C9A000204293 /* u6Tests.swift */; };
		D61E82AB21E4C9A000204293 /* u6UITests.swift in Sources */ = {isa = PBXBuildFile; fileRef = D61E82AA21E4C9A000204293 /* u6UITests.swift */; };
		D61E82B921E4DC3B00204293 /* Main.storyboard in Resources */ = {isa = PBXBuildFile; fileRef = D61E82B821E4DC3B00204293 /* Main.storyboard */; };
		D61E82BB21E4DC8000204293 /* ViewController.swift in Sources */ = {isa = PBXBuildFile; fileRef = D61E82BA21E4DC8000204293 /* ViewController.swift */; };
/* End PBXBuildFile section */

/* Begin PBXContainerItemProxy section */
		D61E829C21E4C9A000204293 /* PBXContainerItemProxy */ = {
			isa = PBXContainerItemProxy;
			containerPortal = D61E827F21E4C99E00204293 /* Project object */;
			proxyType = 1;
			remoteGlobalIDString = D61E828621E4C99E00204293;
			remoteInfo = u6;
		};
		D61E82A721E4C9A000204293 /* PBXContainerItemProxy */ = {
			isa = PBXContainerItemProxy;
			containerPortal = D61E827F21E4C99E00204293 /* Project object */;
			proxyType = 1;
			remoteGlobalIDString = D61E828621E4C99E00204293;
			remoteInfo = u6;
		};
/* End PBXContainerItemProxy section */

/* Begin PBXFileReference section */
		D61E828721E4C99E00204293 /* u6.app */ = {isa = PBXFileReference; explicitFileType = wrapper.application; includeInIndex = 0; path = u6.app; sourceTree = BUILT_PRODUCTS_DIR; };
		D61E828A21E4C99F00204293 /* AppDelegate.swift */ = {isa = PBXFileReference; lastKnownFileType = sourcecode.swift; path = AppDelegate.swift; sourceTree = "<group>"; };
		D61E829121E4C9A000204293 /* Assets.xcassets */ = {isa = PBXFileReference; lastKnownFileType = folder.assetcatalog; path = Assets.xcassets; sourceTree = "<group>"; };
		D61E829421E4C9A000204293 /* Base */ = {isa = PBXFileReference; lastKnownFileType = file.storyboard; name = Base; path = Base.lproj/LaunchScreen.storyboard; sourceTree = "<group>"; };
		D61E829621E4C9A000204293 /* Info.plist */ = {isa = PBXFileReference; lastKnownFileType = text.plist.xml; path = Info.plist; sourceTree = "<group>"; };
		D61E829B21E4C9A000204293 /* u6Tests.xctest */ = {isa = PBXFileReference; explicitFileType = wrapper.cfbundle; includeInIndex = 0; path = u6Tests.xctest; sourceTree = BUILT_PRODUCTS_DIR; };
		D61E829F21E4C9A000204293 /* u6Tests.swift */ = {isa = PBXFileReference; lastKnownFileType = sourcecode.swift; path = u6Tests.swift; sourceTree = "<group>"; };
		D61E82A121E4C9A000204293 /* Info.plist */ = {isa = PBXFileReference; lastKnownFileType = text.plist.xml; path = Info.plist; sourceTree = "<group>"; };
		D61E82A621E4C9A000204293 /* u6UITests.xctest */ = {isa = PBXFileReference; explicitFileType = wrapper.cfbundle; includeInIndex = 0; path = u6UITests.xctest; sourceTree = BUILT_PRODUCTS_DIR; };
		D61E82AA21E4C9A000204293 /* u6UITests.swift */ = {isa = PBXFileReference; lastKnownFileType = sourcecode.swift; path = u6UITests.swift; sourceTree = "<group>"; };
		D61E82AC21E4C9A000204293 /* Info.plist */ = {isa = PBXFileReference; lastKnownFileType = text.plist.xml; path = Info.plist; sourceTree = "<group>"; };
		D61E82B821E4DC3B00204293 /* Main.storyboard */ = {isa = PBXFileReference; fileEncoding = 4; lastKnownFileType = file.storyboard; path = Main.storyboard; sourceTree = "<group>"; };
		D61E82BA21E4DC8000204293 /* ViewController.swift */ = {isa = PBXFileReference; fileEncoding = 4; lastKnownFileType = sourcecode.swift; path = ViewController.swift; sourceTree = "<group>"; };
/* End PBXFileReference section */

/* Begin PBXFrameworksBuildPhase section */
		D61E828421E4C99E00204293 /* Frameworks */ = {
			isa = PBXFrameworksBuildPhase;
			buildActionMask = 2147483647;
			files = (
			);
			runOnlyForDeploymentPostprocessing = 0;
		};
		D61E829821E4C9A000204293 /* Frameworks */ = {
			isa = PBXFrameworksBuildPhase;
			buildActionMask = 2147483647;
			files = (
			);
			runOnlyForDeploymentPostprocessing = 0;
		};
		D61E82A321E4C9A000204293 /* Frameworks */ = {
			isa = PBXFrameworksBuildPhase;
			buildActionMask = 2147483647;
			files = (
			);
			runOnlyForDeploymentPostprocessing = 0;
		};
/* End PBXFrameworksBuildPhase section */

/* Begin PBXGroup section */
		D61E827E21E4C99E00204293 = {
			isa = PBXGroup;
			children = (
				D61E828921E4C99E00204293 /* u6 */,
				D61E829E21E4C9A000204293 /* u6Tests */,
				D61E82A921E4C9A000204293 /* u6UITests */,
				D61E828821E4C99E00204293 /* Products */,
			);
			sourceTree = "<group>";
		};
		D61E828821E4C99E00204293 /* Products */ = {
			isa = PBXGroup;
			children = (
				D61E828721E4C99E00204293 /* u6.app */,
				D61E829B21E4C9A000204293 /* u6Tests.xctest */,
				D61E82A621E4C9A000204293 /* u6UITests.xctest */,
			);
			name = Products;
			sourceTree = "<group>";
		};
		D61E828921E4C99E00204293 /* u6 */ = {
			isa = PBXGroup;
			children = (
				D61E828A21E4C99F00204293 /* AppDelegate.swift */,
				D61E82BA21E4DC8000204293 /* ViewController.swift */,
				D61E829121E4C9A000204293 /* Assets.xcassets */,
				D61E82B821E4DC3B00204293 /* Main.storyboard */,
				D61E829321E4C9A000204293 /* LaunchScreen.storyboard */,
				D61E829621E4C9A000204293 /* Info.plist */,
			);
			path = u6;
			sourceTree = "<group>";
		};
		D61E829E21E4C9A000204293 /* u6Tests */ = {
			isa = PBXGroup;
			children = (
				D61E829F21E4C9A000204293 /* u6Tests.swift */,
				D61E82A121E4C9A000204293 /* Info.plist */,
			);
			path = u6Tests;
			sourceTree = "<group>";
		};
		D61E82A921E4C9A000204293 /* u6UITests */ = {
			isa = PBXGroup;
			children = (
				D61E82AA21E4C9A000204293 /* u6UITests.swift */,
				D61E82AC21E4C9A000204293 /* Info.plist */,
			);
			path = u6UITests;
			sourceTree = "<group>";
		};
/* End PBXGroup section */

/* Begin PBXNativeTarget section */
		D61E828621E4C99E00204293 /* u6 */ = {
			isa = PBXNativeTarget;
			buildConfigurationList = D61E82AF21E4C9A000204293 /* Build configuration list for PBXNativeTarget "u6" */;
			buildPhases = (
				D61E828321E4C99E00204293 /* Sources */,
				D61E828421E4C99E00204293 /* Frameworks */,
				D61E828521E4C99E00204293 /* Resources */,
			);
			buildRules = (
			);
			dependencies = (
			);
			name = u6;
			productName = u6;
			productReference = D61E828721E4C99E00204293 /* u6.app */;
			productType = "com.apple.product-type.application";
		};
		D61E829A21E4C9A000204293 /* u6Tests */ = {
			isa = PBXNativeTarget;
			buildConfigurationList = D61E82B221E4C9A000204293 /* Build configuration list for PBXNativeTarget "u6Tests" */;
			buildPhases = (
				D61E829721E4C9A000204293 /* Sources */,
				D61E829821E4C9A000204293 /* Frameworks */,
				D61E829921E4C9A000204293 /* Resources */,
			);
			buildRules = (
			);
			dependencies = (
				D61E829D21E4C9A000204293 /* PBXTargetDependency */,
			);
			name = u6Tests;
			productName = u6Tests;
			productReference = D61E829B21E4C9A000204293 /* u6Tests.xctest */;
			productType = "com.apple.product-type.bundle.unit-test";
		};
		D61E82A521E4C9A000204293 /* u6UITests */ = {
			isa = PBXNativeTarget;
			buildConfigurationList = D61E82B521E4C9A000204293 /* Build configuration list for PBXNativeTarget "u6UITests" */;
			buildPhases = (
				D61E82A221E4C9A000204293 /* Sources */,
				D61E82A321E4C9A000204293 /* Frameworks */,
				D61E82A421E4C9A000204293 /* Resources */,
			);
			buildRules = (
			);
			dependencies = (
				D61E82A821E4C9A000204293 /* PBXTargetDependency */,
			);
			name = u6UITests;
			productName = u6UITests;
			productReference = D61E82A621E4C9A000204293 /* u6UITests.xctest */;
			productType = "com.apple.product-type.bundle.ui-testing";
		};
/* End PBXNativeTarget section */

/* Begin PBXProject section */
		D61E827F21E4C99E00204293 /* Project object */ = {
			isa = PBXProject;
			attributes = {
				LastSwiftUpdateCheck = 1010;
				LastUpgradeCheck = 1010;
				ORGANIZATIONNAME = "Andrey Kedr";
				TargetAttributes = {
					D61E828621E4C99E00204293 = {
						CreatedOnToolsVersion = 10.1;
					};
					D61E829A21E4C9A000204293 = {
						CreatedOnToolsVersion = 10.1;
						TestTargetID = D61E828621E4C99E00204293;
					};
					D61E82A521E4C9A000204293 = {
						CreatedOnToolsVersion = 10.1;
						TestTargetID = D61E828621E4C99E00204293;
					};
				};
			};
			buildConfigurationList = D61E828221E4C99E00204293 /* Build configuration list for PBXProject "u6" */;
			compatibilityVersion = "Xcode 9.3";
			developmentRegion = en;
			hasScannedForEncodings = 0;
			knownRegions = (
				en,
				Base,
			);
			mainGroup = D61E827E21E4C99E00204293;
			productRefGroup = D61E828821E4C99E00204293 /* Products */;
			projectDirPath = "";
			projectRoot = "";
			targets = (
				D61E828621E4C99E00204293 /* u6 */,
				D61E829A21E4C9A000204293 /* u6Tests */,
				D61E82A521E4C9A000204293 /* u6UITests */,
			);
		};
/* End PBXProject section */

/* Begin PBXResourcesBuildPhase section */
		D61E828521E4C99E00204293 /* Resources */ = {
			isa = PBXResourcesBuildPhase;
			buildActionMask = 2147483647;
			files = (
				D61E82B921E4DC3B00204293 /* Main.storyboard in Resources */,
				D61E829521E4C9A000204293 /* LaunchScreen.storyboard in Resources */,
				D61E829221E4C9A000204293 /* Assets.xcassets in Resources */,
			);
			runOnlyForDeploymentPostprocessing = 0;
		};
		D61E829921E4C9A000204293 /* Resources */ = {
			isa = PBXResourcesBuildPhase;
			buildActionMask = 2147483647;
			files = (
			);
			runOnlyForDeploymentPostprocessing = 0;
		};
		D61E82A421E4C9A000204293 /* Resources */ = {
			isa = PBXResourcesBuildPhase;
			buildActionMask = 2147483647;
			files = (
			);
			runOnlyForDeploymentPostprocessing = 0;
		};
/* End PBXResourcesBuildPhase section */

/* Begin PBXSourcesBuildPhase section */
		D61E828321E4C99E00204293 /* Sources */ = {
			isa = PBXSourcesBuildPhase;
			buildActionMask = 2147483647;
			files = (
				D61E82BB21E4DC8000204293 /* ViewController.swift in Sources */,
				D61E828B21E4C99F00204293 /* AppDelegate.swift in Sources */,
			);
			runOnlyForDeploymentPostprocessing = 0;
		};
		D61E829721E4C9A000204293 /* Sources */ = {
			isa = PBXSourcesBuildPhase;
			buildActionMask = 2147483647;
			files = (
				D61E82A021E4C9A000204293 /* u6Tests.swift in Sources */,
			);
			runOnlyForDeploymentPostprocessing = 0;
		};
		D61E82A221E4C9A000204293 /* Sources */ = {
			isa = PBXSourcesBuildPhase;
			buildActionMask = 2147483647;
			files = (
				D61E82AB21E4C9A000204293 /* u6UITests.swift in Sources */,
			);
			runOnlyForDeploymentPostprocessing = 0;
		};
/* End PBXSourcesBuildPhase section */

/* Begin PBXTargetDependency section */
		D61E829D21E4C9A000204293 /* PBXTargetDependency */ = {
			isa = PBXTargetDependency;
			target = D61E828621E4C99E00204293 /* u6 */;
			targetProxy = D61E829C21E4C9A000204293 /* PBXContainerItemProxy */;
		};
		D61E82A821E4C9A000204293 /* PBXTargetDependency */ = {
			isa = PBXTargetDependency;
			target = D61E828621E4C99E00204293 /* u6 */;
			targetProxy = D61E82A721E4C9A000204293 /* PBXContainerItemProxy */;
		};
/* End PBXTargetDependency section */

/* Begin PBXVariantGroup section */
		D61E829321E4C9A000204293 /* LaunchScreen.storyboard */ = {
			isa = PBXVariantGroup;
			children = (
				D61E829421E4C9A000204293 /* Base */,
			);
			name = LaunchScreen.storyboard;
			sourceTree = "<group>";
		};
/* End PBXVariantGroup section */

/* Begin XCBuildConfiguration section */
		D61E82AD21E4C9A000204293 /* Debug */ = {
			isa = XCBuildConfiguration;
			buildSettings = {
				ALWAYS_SEARCH_USER_PATHS = NO;
				CLANG_ANALYZER_NONNULL = YES;
				CLANG_ANALYZER_NUMBER_OBJECT_CONVERSION = YES_AGGRESSIVE;
				CLANG_CXX_LANGUAGE_STANDARD = "gnu++14";
				CLANG_CXX_LIBRARY = "libc++";
				CLANG_ENABLE_MODULES = YES;
				CLANG_ENABLE_OBJC_ARC = YES;
				CLANG_ENABLE_OBJC_WEAK = YES;
				CLANG_WARN_BLOCK_CAPTURE_AUTORELEASING = YES;
				CLANG_WARN_BOOL_CONVERSION = YES;
				CLANG_WARN_COMMA = YES;
				CLANG_WARN_CONSTANT_CONVERSION = YES;
				CLANG_WARN_DEPRECATED_OBJC_IMPLEMENTATIONS = YES;
				CLANG_WARN_DIRECT_OBJC_ISA_USAGE = YES_ERROR;
				CLANG_WARN_DOCUMENTATION_COMMENTS = YES;
				CLANG_WARN_EMPTY_BODY = YES;
				CLANG_WARN_ENUM_CONVERSION = YES;
				CLANG_WARN_INFINITE_RECURSION = YES;
				CLANG_WARN_INT_CONVERSION = YES;
				CLANG_WARN_NON_LITERAL_NULL_CONVERSION = YES;
				CLANG_WARN_OBJC_IMPLICIT_RETAIN_SELF = YES;
				CLANG_WARN_OBJC_LITERAL_CONVERSION = YES;
				CLANG_WARN_OBJC_ROOT_CLASS = YES_ERROR;
				CLANG_WARN_RANGE_LOOP_ANALYSIS = YES;
				CLANG_WARN_STRICT_PROTOTYPES = YES;
				CLANG_WARN_SUSPICIOUS_MOVE = YES;
				CLANG_WARN_UNGUARDED_AVAILABILITY = YES_AGGRESSIVE;
				CLANG_WARN_UNREACHABLE_CODE = YES;
				CLANG_WARN__DUPLICATE_METHOD_MATCH = YES;
				CODE_SIGN_IDENTITY = "iPhone Developer";
				COPY_PHASE_STRIP = NO;
				DEBUG_INFORMATION_FORMAT = dwarf;
				ENABLE_STRICT_OBJC_MSGSEND = YES;
				ENABLE_TESTABILITY = YES;
				GCC_C_LANGUAGE_STANDARD = gnu11;
				GCC_DYNAMIC_NO_PIC = NO;
				GCC_NO_COMMON_BLOCKS = YES;
				GCC_OPTIMIZATION_LEVEL = 0;
				GCC_PREPROCESSOR_DEFINITIONS = (
					"DEBUG=1",
					"$(inherited)",
				);
				GCC_WARN_64_TO_32_BIT_CONVERSION = YES;
				GCC_WARN_ABOUT_RETURN_TYPE = YES_ERROR;
				GCC_WARN_UNDECLARED_SELECTOR = YES;
				GCC_WARN_UNINITIALIZED_AUTOS = YES_AGGRESSIVE;
				GCC_WARN_UNUSED_FUNCTION = YES;
				GCC_WARN_UNUSED_VARIABLE = YES;
				IPHONEOS_DEPLOYMENT_TARGET = 12.1;
				MTL_ENABLE_DEBUG_INFO = INCLUDE_SOURCE;
				MTL_FAST_MATH = YES;
				ONLY_ACTIVE_ARCH = YES;
				SDKROOT = iphoneos;
				SWIFT_ACTIVE_COMPILATION_CONDITIONS = DEBUG;
				SWIFT_OPTIMIZATION_LEVEL = "-Onone";
			};
			name = Debug;
		};
		D61E82AE21E4C9A000204293 /* Release */ = {
			isa = XCBuildConfiguration;
			buildSettings = {
				ALWAYS_SEARCH_USER_PATHS = NO;
				CLANG_ANALYZER_NONNULL = YES;
				CLANG_ANALYZER_NUMBER_OBJECT_CONVERSION = YES_AGGRESSIVE;
				CLANG_CXX_LANGUAGE_STANDARD = "gnu++14";
				CLANG_CXX_LIBRARY = "libc++";
				CLANG_ENABLE_MODULES = YES;
				CLANG_ENABLE_OBJC_ARC = YES;
				CLANG_ENABLE_OBJC_WEAK = YES;
				CLANG_WARN_BLOCK_CAPTURE_AUTORELEASING = YES;
				CLANG_WARN_BOOL_CONVERSION = YES;
				CLANG_WARN_COMMA = YES;
				CLANG_WARN_CONSTANT_CONVERSION = YES;
				CLANG_WARN_DEPRECATED_OBJC_IMPLEMENTATIONS = YES;
				CLANG_WARN_DIRECT_OBJC_ISA_USAGE = YES_ERROR;
				CLANG_WARN_DOCUMENTATION_COMMENTS = YES;
				CLANG_WARN_EMPTY_BODY = YES;
				CLANG_WARN_ENUM_CONVERSION = YES;
				CLANG_WARN_INFINITE_RECURSION = YES;
				CLANG_WARN_INT_CONVERSION = YES;
				CLANG_WARN_NON_LITERAL_NULL_CONVERSION = YES;
				CLANG_WARN_OBJC_IMPLICIT_RETAIN_SELF = YES;
				CLANG_WARN_OBJC_LITERAL_CONVERSION = YES;
				CLANG_WARN_OBJC_ROOT_CLASS = YES_ERROR;
				CLANG_WARN_RANGE_LOOP_ANALYSIS = YES;
				CLANG_WARN_STRICT_PROTOTYPES = YES;
				CLANG_WARN_SUSPICIOUS_MOVE = YES;
				CLANG_WARN_UNGUARDED_AVAILABILITY = YES_AGGRESSIVE;
				CLANG_WARN_UNREACHABLE_CODE = YES;
				CLANG_WARN__DUPLICATE_METHOD_MATCH = YES;
				CODE_SIGN_IDENTITY = "iPhone Developer";
				COPY_PHASE_STRIP = NO;
				DEBUG_INFORMATION_FORMAT = "dwarf-with-dsym";
				ENABLE_NS_ASSERTIONS = NO;
				ENABLE_STRICT_OBJC_MSGSEND = YES;
				GCC_C_LANGUAGE_STANDARD = gnu11;
				GCC_NO_COMMON_BLOCKS = YES;
				GCC_WARN_64_TO_32_BIT_CONVERSION = YES;
				GCC_WARN_ABOUT_RETURN_TYPE = YES_ERROR;
				GCC_WARN_UNDECLARED_SELECTOR = YES;
				GCC_WARN_UNINITIALIZED_AUTOS = YES_AGGRESSIVE;
				GCC_WARN_UNUSED_FUNCTION = YES;
				GCC_WARN_UNUSED_VARIABLE = YES;
				IPHONEOS_DEPLOYMENT_TARGET = 12.1;
				MTL_ENABLE_DEBUG_INFO = NO;
				MTL_FAST_MATH = YES;
				SDKROOT = iphoneos;
				SWIFT_COMPILATION_MODE = wholemodule;
				SWIFT_OPTIMIZATION_LEVEL = "-O";
				VALIDATE_PRODUCT = YES;
			};
			name = Release;
		};
		D61E82B021E4C9A000204293 /* Debug */ = {
			isa = XCBuildConfiguration;
			buildSettings = {
				ASSETCATALOG_COMPILER_APPICON_NAME = AppIcon;
				CODE_SIGN_STYLE = Automatic;
				DEVELOPMENT_TEAM = 6736WSNLGC;
				INFOPLIST_FILE = u6/Info.plist;
				LD_RUNPATH_SEARCH_PATHS = (
					"$(inherited)",
					"@executable_path/Frameworks",
				);
				PRODUCT_BUNDLE_IDENTIFIER = com.ake.u6;
				PRODUCT_NAME = "$(TARGET_NAME)";
				SWIFT_VERSION = 4.2;
				TARGETED_DEVICE_FAMILY = "1,2";
			};
			name = Debug;
		};
		D61E82B121E4C9A000204293 /* Release */ = {
			isa = XCBuildConfiguration;
			buildSettings = {
				ASSETCATALOG_COMPILER_APPICON_NAME = AppIcon;
				CODE_SIGN_STYLE = Automatic;
				DEVELOPMENT_TEAM = 6736WSNLGC;
				INFOPLIST_FILE = u6/Info.plist;
				LD_RUNPATH_SEARCH_PATHS = (
					"$(inherited)",
					"@executable_path/Frameworks",
				);
				PRODUCT_BUNDLE_IDENTIFIER = com.ake.u6;
				PRODUCT_NAME = "$(TARGET_NAME)";
				SWIFT_VERSION = 4.2;
				TARGETED_DEVICE_FAMILY = "1,2";
			};
			name = Release;
		};
		D61E82B321E4C9A000204293 /* Debug */ = {
			isa = XCBuildConfiguration;
			buildSettings = {
				ALWAYS_EMBED_SWIFT_STANDARD_LIBRARIES = YES;
				BUNDLE_LOADER = "$(TEST_HOST)";
				CODE_SIGN_STYLE = Automatic;
				INFOPLIST_FILE = u6Tests/Info.plist;
				LD_RUNPATH_SEARCH_PATHS = (
					"$(inherited)",
					"@executable_path/Frameworks",
					"@loader_path/Frameworks",
				);
				PRODUCT_BUNDLE_IDENTIFIER = com.ake.u6Tests;
				PRODUCT_NAME = "$(TARGET_NAME)";
				SWIFT_VERSION = 4.2;
				TARGETED_DEVICE_FAMILY = "1,2";
				TEST_HOST = "$(BUILT_PRODUCTS_DIR)/u6.app/u6";
			};
			name = Debug;
		};
		D61E82B421E4C9A000204293 /* Release */ = {
			isa = XCBuildConfiguration;
			buildSettings = {
				ALWAYS_EMBED_SWIFT_STANDARD_LIBRARIES = YES;
				BUNDLE_LOADER = "$(TEST_HOST)";
				CODE_SIGN_STYLE = Automatic;
				INFOPLIST_FILE = u6Tests/Info.plist;
				LD_RUNPATH_SEARCH_PATHS = (
					"$(inherited)",
					"@executable_path/Frameworks",
					"@loader_path/Frameworks",
				);
				PRODUCT_BUNDLE_IDENTIFIER = com.ake.u6Tests;
				PRODUCT_NAME = "$(TARGET_NAME)";
				SWIFT_VERSION = 4.2;
				TARGETED_DEVICE_FAMILY = "1,2";
				TEST_HOST = "$(BUILT_PRODUCTS_DIR)/u6.app/u6";
			};
			name = Release;
		};
		D61E82B621E4C9A000204293 /* Debug */ = {
			isa = XCBuildConfiguration;
			buildSettings = {
				ALWAYS_EMBED_SWIFT_STANDARD_LIBRARIES = YES;
				CODE_SIGN_STYLE = Automatic;
				INFOPLIST_FILE = u6UITests/Info.plist;
				LD_RUNPATH_SEARCH_PATHS = (
					"$(inherited)",
					"@executable_path/Frameworks",
					"@loader_path/Frameworks",
				);
				PRODUCT_BUNDLE_IDENTIFIER = com.ake.u6UITests;
				PRODUCT_NAME = "$(TARGET_NAME)";
				SWIFT_VERSION = 4.2;
				TARGETED_DEVICE_FAMILY = "1,2";
				TEST_TARGET_NAME = u6;
			};
			name = Debug;
		};
		D61E82B721E4C9A000204293 /* Release */ = {
			isa = XCBuildConfiguration;
			buildSettings = {
				ALWAYS_EMBED_SWIFT_STANDARD_LIBRARIES = YES;
				CODE_SIGN_STYLE = Automatic;
				INFOPLIST_FILE = u6UITests/Info.plist;
				LD_RUNPATH_SEARCH_PATHS = (
					"$(inherited)",
					"@executable_path/Frameworks",
					"@loader_path/Frameworks",
				);
				PRODUCT_BUNDLE_IDENTIFIER = com.ake.u6UITests;
				PRODUCT_NAME = "$(TARGET_NAME)";
				SWIFT_VERSION = 4.2;
				TARGETED_DEVICE_FAMILY = "1,2";
				TEST_TARGET_NAME = u6;
			};
			name = Release;
		};
/* End XCBuildConfiguration section */

/* Begin XCConfigurationList section */
		D61E828221E4C99E00204293 /* Build configuration list for PBXProject "u6" */ = {
			isa = XCConfigurationList;
			buildConfigurations = (
				D61E82AD21E4C9A000204293 /* Debug */,
				D61E82AE21E4C9A000204293 /* Release */,
			);
			defaultConfigurationIsVisible = 0;
			defaultConfigurationName = Release;
		};
		D61E82AF21E4C9A000204293 /* Build configuration list for PBXNativeTarget "u6" */ = {
			isa = XCConfigurationList;
			buildConfigurations = (
				D61E82B021E4C9A000204293 /* Debug */,
				D61E82B121E4C9A000204293 /* Release */,
			);
			defaultConfigurationIsVisible = 0;
			defaultConfigurationName = Release;
		};
		D61E82B221E4C9A000204293 /* Build configuration list for PBXNativeTarget "u6Tests" */ = {
			isa = XCConfigurationList;
			buildConfigurations = (
				D61E82B321E4C9A000204293 /* Debug */,
				D61E82B421E4C9A000204293 /* Release */,
			);
			defaultConfigurationIsVisible = 0;
			defaultConfigurationName = Release;
		};
		D61E82B521E4C9A000204293 /* Build configuration list for PBXNativeTarget "u6UITests" */ = {
			isa = XCConfigurationList;
			buildConfigurations = (
				D61E82B621E4C9A000204293 /* Debug */,
				D61E82B721E4C9A000204293 /* Release */,
			);
			defaultConfigurationIsVisible = 0;
			defaultConfigurationName = Release;
		};
/* End XCConfigurationList section */
	};
	rootObject = D61E827F21E4C99E00204293 /* Project object */;
}
